// !$*UTF8*$!
{
	archiveVersion = 1;
	classes = {
	};
	objectVersion = 46;
	objects = {

/* Begin PBXBuildFile section */
		963F12A91B414DEE00BD7BE9 /* AppDelegate.swift in Sources */ = {isa = PBXBuildFile; fileRef = 963F12A81B414DEE00BD7BE9 /* AppDelegate.swift */; };
		963F12AE1B414DEE00BD7BE9 /* Main.storyboard in Resources */ = {isa = PBXBuildFile; fileRef = 963F12AC1B414DEE00BD7BE9 /* Main.storyboard */; };
		963F12B01B414DEE00BD7BE9 /* Images.xcassets in Resources */ = {isa = PBXBuildFile; fileRef = 963F12AF1B414DEE00BD7BE9 /* Images.xcassets */; };
		963F12B31B414DEE00BD7BE9 /* LaunchScreen.xib in Resources */ = {isa = PBXBuildFile; fileRef = 963F12B11B414DEE00BD7BE9 /* LaunchScreen.xib */; };
		963F12BF1B414DEE00BD7BE9 /* HappinessTests.swift in Sources */ = {isa = PBXBuildFile; fileRef = 963F12BE1B414DEE00BD7BE9 /* HappinessTests.swift */; };
		963F12CD1B41502B00BD7BE9 /* HappinessViewController.swift in Sources */ = {isa = PBXBuildFile; fileRef = 963F12CC1B41502B00BD7BE9 /* HappinessViewController.swift */; };
		963F12CF1B41507B00BD7BE9 /* FaceView.swift in Sources */ = {isa = PBXBuildFile; fileRef = 963F12CE1B41507B00BD7BE9 /* FaceView.swift */; };
/* End PBXBuildFile section */

/* Begin PBXContainerItemProxy section */
		963F12B91B414DEE00BD7BE9 /* PBXContainerItemProxy */ = {
			isa = PBXContainerItemProxy;
			containerPortal = 963F129B1B414DEE00BD7BE9 /* Project object */;
			proxyType = 1;
			remoteGlobalIDString = 963F12A21B414DEE00BD7BE9;
			remoteInfo = Happiness;
		};
/* End PBXContainerItemProxy section */

/* Begin PBXFileReference section */
		963F12A31B414DEE00BD7BE9 /* Happiness.app */ = {isa = PBXFileReference; explicitFileType = wrapper.application; includeInIndex = 0; path = Happiness.app; sourceTree = BUILT_PRODUCTS_DIR; };
		963F12A71B414DEE00BD7BE9 /* Info.plist */ = {isa = PBXFileReference; lastKnownFileType = text.plist.xml; path = Info.plist; sourceTree = "<group>"; };
		963F12A81B414DEE00BD7BE9 /* AppDelegate.swift */ = {isa = PBXFileReference; lastKnownFileType = sourcecode.swift; path = AppDelegate.swift; sourceTree = "<group>"; };
		963F12AD1B414DEE00BD7BE9 /* Base */ = {isa = PBXFileReference; lastKnownFileType = file.storyboard; name = Base; path = Base.lproj/Main.storyboard; sourceTree = "<group>"; };
		963F12AF1B414DEE00BD7BE9 /* Images.xcassets */ = {isa = PBXFileReference; lastKnownFileType = folder.assetcatalog; path = Images.xcassets; sourceTree = "<group>"; };
		963F12B21B414DEE00BD7BE9 /* Base */ = {isa = PBXFileReference; lastKnownFileType = file.xib; name = Base; path = Base.lproj/LaunchScreen.xib; sourceTree = "<group>"; };
		963F12B81B414DEE00BD7BE9 /* HappinessTests.xctest */ = {isa = PBXFileReference; explicitFileType = wrapper.cfbundle; includeInIndex = 0; path = HappinessTests.xctest; sourceTree = BUILT_PRODUCTS_DIR; };
		963F12BD1B414DEE00BD7BE9 /* Info.plist */ = {isa = PBXFileReference; lastKnownFileType = text.plist.xml; path = Info.plist; sourceTree = "<group>"; };
		963F12BE1B414DEE00BD7BE9 /* HappinessTests.swift */ = {isa = PBXFileReference; lastKnownFileType = sourcecode.swift; path = HappinessTests.swift; sourceTree = "<group>"; };
		963F12CC1B41502B00BD7BE9 /* HappinessViewController.swift */ = {isa = PBXFileReference; fileEncoding = 4; lastKnownFileType = sourcecode.swift; path = HappinessViewController.swift; sourceTree = "<group>"; };
		963F12CE1B41507B00BD7BE9 /* FaceView.swift */ = {isa = PBXFileReference; fileEncoding = 4; lastKnownFileType = sourcecode.swift; path = FaceView.swift; sourceTree = "<group>"; };
/* End PBXFileReference section */

/* Begin PBXFrameworksBuildPhase section */
		963F12A01B414DEE00BD7BE9 /* Frameworks */ = {
			isa = PBXFrameworksBuildPhase;
			buildActionMask = 2147483647;
			files = (
			);
			runOnlyForDeploymentPostprocessing = 0;
		};
		963F12B51B414DEE00BD7BE9 /* Frameworks */ = {
			isa = PBXFrameworksBuildPhase;
			buildActionMask = 2147483647;
			files = (
			);
			runOnlyForDeploymentPostprocessing = 0;
		};
/* End PBXFrameworksBuildPhase section */

/* Begin PBXGroup section */
		963F129A1B414DEE00BD7BE9 = {
			isa = PBXGroup;
			children = (
				963F12A51B414DEE00BD7BE9 /* Happiness */,
				963F12BB1B414DEE00BD7BE9 /* HappinessTests */,
				963F12A41B414DEE00BD7BE9 /* Products */,
			);
			sourceTree = "<group>";
		};
		963F12A41B414DEE00BD7BE9 /* Products */ = {
			isa = PBXGroup;
			children = (
				963F12A31B414DEE00BD7BE9 /* Happiness.app */,
				963F12B81B414DEE00BD7BE9 /* HappinessTests.xctest */,
			);
			name = Products;
			sourceTree = "<group>";
		};
		963F12A51B414DEE00BD7BE9 /* Happiness */ = {
			isa = PBXGroup;
			children = (
				963F12AC1B414DEE00BD7BE9 /* Main.storyboard */,
				963F12CE1B41507B00BD7BE9 /* FaceView.swift */,
				963F12CC1B41502B00BD7BE9 /* HappinessViewController.swift */,
				963F12A61B414DEE00BD7BE9 /* Supporting Files */,
			);
			path = Happiness;
			sourceTree = "<group>";
		};
		963F12A61B414DEE00BD7BE9 /* Supporting Files */ = {
			isa = PBXGroup;
			children = (
				963F12B11B414DEE00BD7BE9 /* LaunchScreen.xib */,
				963F12AF1B414DEE00BD7BE9 /* Images.xcassets */,
				963F12A81B414DEE00BD7BE9 /* AppDelegate.swift */,
				963F12A71B414DEE00BD7BE9 /* Info.plist */,
			);
			name = "Supporting Files";
			sourceTree = "<group>";
		};
		963F12BB1B414DEE00BD7BE9 /* HappinessTests */ = {
			isa = PBXGroup;
			children = (
				963F12BE1B414DEE00BD7BE9 /* HappinessTests.swift */,
				963F12BC1B414DEE00BD7BE9 /* Supporting Files */,
			);
			path = HappinessTests;
			sourceTree = "<group>";
		};
		963F12BC1B414DEE00BD7BE9 /* Supporting Files */ = {
			isa = PBXGroup;
			children = (
				963F12BD1B414DEE00BD7BE9 /* Info.plist */,
			);
			name = "Supporting Files";
			sourceTree = "<group>";
		};
/* End PBXGroup section */

/* Begin PBXNativeTarget section */
		963F12A21B414DEE00BD7BE9 /* Happiness */ = {
			isa = PBXNativeTarget;
			buildConfigurationList = 963F12C21B414DEE00BD7BE9 /* Build configuration list for PBXNativeTarget "Happiness" */;
			buildPhases = (
				963F129F1B414DEE00BD7BE9 /* Sources */,
				963F12A01B414DEE00BD7BE9 /* Frameworks */,
				963F12A11B414DEE00BD7BE9 /* Resources */,
			);
			buildRules = (
			);
			dependencies = (
			);
			name = Happiness;
			productName = Happiness;
			productReference = 963F12A31B414DEE00BD7BE9 /* Happiness.app */;
			productType = "com.apple.product-type.application";
		};
		963F12B71B414DEE00BD7BE9 /* HappinessTests */ = {
			isa = PBXNativeTarget;
			buildConfigurationList = 963F12C51B414DEE00BD7BE9 /* Build configuration list for PBXNativeTarget "HappinessTests" */;
			buildPhases = (
				963F12B41B414DEE00BD7BE9 /* Sources */,
				963F12B51B414DEE00BD7BE9 /* Frameworks */,
				963F12B61B414DEE00BD7BE9 /* Resources */,
			);
			buildRules = (
			);
			dependencies = (
				963F12BA1B414DEE00BD7BE9 /* PBXTargetDependency */,
			);
			name = HappinessTests;
			productName = HappinessTests;
			productReference = 963F12B81B414DEE00BD7BE9 /* HappinessTests.xctest */;
			productType = "com.apple.product-type.bundle.unit-test";
		};
/* End PBXNativeTarget section */

/* Begin PBXProject section */
		963F129B1B414DEE00BD7BE9 /* Project object */ = {
			isa = PBXProject;
			attributes = {
				LastUpgradeCheck = 0620;
				ORGANIZATIONNAME = joanne;
				TargetAttributes = {
					963F12A21B414DEE00BD7BE9 = {
						CreatedOnToolsVersion = 6.2;
					};
					963F12B71B414DEE00BD7BE9 = {
						CreatedOnToolsVersion = 6.2;
						TestTargetID = 963F12A21B414DEE00BD7BE9;
					};
				};
			};
			buildConfigurationList = 963F129E1B414DEE00BD7BE9 /* Build configuration list for PBXProject "Happiness" */;
			compatibilityVersion = "Xcode 3.2";
			developmentRegion = English;
			hasScannedForEncodings = 0;
			knownRegions = (
				en,
				Base,
			);
			mainGroup = 963F129A1B414DEE00BD7BE9;
			productRefGroup = 963F12A41B414DEE00BD7BE9 /* Products */;
			projectDirPath = "";
			projectRoot = "";
			targets = (
				963F12A21B414DEE00BD7BE9 /* Happiness */,
				963F12B71B414DEE00BD7BE9 /* HappinessTests */,
			);
		};
/* End PBXProject section */

/* Begin PBXResourcesBuildPhase section */
		963F12A11B414DEE00BD7BE9 /* Resources */ = {
			isa = PBXResourcesBuildPhase;
			buildActionMask = 2147483647;
			files = (
				963F12AE1B414DEE00BD7BE9 /* Main.storyboard in Resources */,
				963F12B31B414DEE00BD7BE9 /* LaunchScreen.xib in Resources */,
				963F12B01B414DEE00BD7BE9 /* Images.xcassets in Resources */,
			);
			runOnlyForDeploymentPostprocessing = 0;
		};
		963F12B61B414DEE00BD7BE9 /* Resources */ = {
			isa = PBXResourcesBuildPhase;
			buildActionMask = 2147483647;
			files = (
			);
			runOnlyForDeploymentPostprocessing = 0;
		};
/* End PBXResourcesBuildPhase section */

/* Begin PBXSourcesBuildPhase section */
		963F129F1B414DEE00BD7BE9 /* Sources */ = {
			isa = PBXSourcesBuildPhase;
			buildActionMask = 2147483647;
			files = (
				963F12CD1B41502B00BD7BE9 /* HappinessViewController.swift in Sources */,
				963F12A91B414DEE00BD7BE9 /* AppDelegate.swift in Sources */,
				963F12CF1B41507B00BD7BE9 /* FaceView.swift in Sources */,
			);
			runOnlyForDeploymentPostprocessing = 0;
		};
		963F12B41B414DEE00BD7BE9 /* Sources */ = {
			isa = PBXSourcesBuildPhase;
			buildActionMask = 2147483647;
			files = (
				963F12BF1B414DEE00BD7BE9 /* HappinessTests.swift in Sources */,
			);
			runOnlyForDeploymentPostprocessing = 0;
		};
/* End PBXSourcesBuildPhase section */

/* Begin PBXTargetDependency section */
		963F12BA1B414DEE00BD7BE9 /* PBXTargetDependency */ = {
			isa = PBXTargetDependency;
			target = 963F12A21B414DEE00BD7BE9 /* Happiness */;
			targetProxy = 963F12B91B414DEE00BD7BE9 /* PBXContainerItemProxy */;
		};
/* End PBXTargetDependency section */

/* Begin PBXVariantGroup section */
		963F12AC1B414DEE00BD7BE9 /* Main.storyboard */ = {
			isa = PBXVariantGroup;
			children = (
				963F12AD1B414DEE00BD7BE9 /* Base */,
			);
			name = Main.storyboard;
			sourceTree = "<group>";
		};
		963F12B11B414DEE00BD7BE9 /* LaunchScreen.xib */ = {
			isa = PBXVariantGroup;
			children = (
				963F12B21B414DEE00BD7BE9 /* Base */,
			);
			name = LaunchScreen.xib;
			sourceTree = "<group>";
		};
/* End PBXVariantGroup section */

/* Begin XCBuildConfiguration section */
		963F12C01B414DEE00BD7BE9 /* Debug */ = {
			isa = XCBuildConfiguration;
			buildSettings = {
				ALWAYS_SEARCH_USER_PATHS = NO;
				CLANG_CXX_LANGUAGE_STANDARD = "gnu++0x";
				CLANG_CXX_LIBRARY = "libc++";
				CLANG_ENABLE_MODULES = YES;
				CLANG_ENABLE_OBJC_ARC = YES;
				CLANG_WARN_BOOL_CONVERSION = YES;
				CLANG_WARN_CONSTANT_CONVERSION = YES;
				CLANG_WARN_DIRECT_OBJC_ISA_USAGE = YES_ERROR;
				CLANG_WARN_EMPTY_BODY = YES;
				CLANG_WARN_ENUM_CONVERSION = YES;
				CLANG_WARN_INT_CONVERSION = YES;
				CLANG_WARN_OBJC_ROOT_CLASS = YES_ERROR;
				CLANG_WARN_UNREACHABLE_CODE = YES;
				CLANG_WARN__DUPLICATE_METHOD_MATCH = YES;
				"CODE_SIGN_IDENTITY[sdk=iphoneos*]" = "iPhone Developer";
				COPY_PHASE_STRIP = NO;
				ENABLE_STRICT_OBJC_MSGSEND = YES;
				GCC_C_LANGUAGE_STANDARD = gnu99;
				GCC_DYNAMIC_NO_PIC = NO;
				GCC_OPTIMIZATION_LEVEL = 0;
				GCC_PREPROCESSOR_DEFINITIONS = (
					"DEBUG=1",
					"$(inherited)",
				);
				GCC_SYMBOLS_PRIVATE_EXTERN = NO;
				GCC_WARN_64_TO_32_BIT_CONVERSION = YES;
				GCC_WARN_ABOUT_RETURN_TYPE = YES_ERROR;
				GCC_WARN_UNDECLARED_SELECTOR = YES;
				GCC_WARN_UNINITIALIZED_AUTOS = YES_AGGRESSIVE;
				GCC_WARN_UNUSED_FUNCTION = YES;
				GCC_WARN_UNUSED_VARIABLE = YES;
				IPHONEOS_DEPLOYMENT_TARGET = 8.2;
				MTL_ENABLE_DEBUG_INFO = YES;
				ONLY_ACTIVE_ARCH = YES;
				SDKROOT = iphoneos;
				SWIFT_OPTIMIZATION_LEVEL = "-Onone";
				TARGETED_DEVICE_FAMILY = "1,2";
			};
			name = Debug;
		};
		963F12C11B414DEE00BD7BE9 /* Release */ = {
			isa = XCBuildConfiguration;
			buildSettings = {
				ALWAYS_SEARCH_USER_PATHS = NO;
				CLANG_CXX_LANGUAGE_STANDARD = "gnu++0x";
				CLANG_CXX_LIBRARY = "libc++";
				CLANG_ENABLE_MODULES = YES;
				CLANG_ENABLE_OBJC_ARC = YES;
				CLANG_WARN_BOOL_CONVERSION = YES;
				CLANG_WARN_CONSTANT_CONVERSION = YES;
				CLANG_WARN_DIRECT_OBJC_ISA_USAGE = YES_ERROR;
				CLANG_WARN_EMPTY_BODY = YES;
				CLANG_WARN_ENUM_CONVERSION = YES;
				CLANG_WARN_INT_CONVERSION = YES;
				CLANG_WARN_OBJC_ROOT_CLASS = YES_ERROR;
				CLANG_WARN_UNREACHABLE_CODE = YES;
				CLANG_WARN__DUPLICATE_METHOD_MATCH = YES;
				"CODE_SIGN_IDENTITY[sdk=iphoneos*]" = "iPhone Developer";
				COPY_PHASE_STRIP = NO;
				ENABLE_NS_ASSERTIONS = NO;
				ENABLE_STRICT_OBJC_MSGSEND = YES;
				GCC_C_LANGUAGE_STANDARD = gnu99;
				GCC_WARN_64_TO_32_BIT_CONVERSION = YES;
				GCC_WARN_ABOUT_RETURN_TYPE = YES_ERROR;
				GCC_WARN_UNDECLARED_SELECTOR = YES;
				GCC_WARN_UNINITIALIZED_AUTOS = YES_AGGRESSIVE;
				GCC_WARN_UNUSED_FUNCTION = YES;
				GCC_WARN_UNUSED_VARIABLE = YES;
				IPHONEOS_DEPLOYMENT_TARGET = 8.2;
				MTL_ENABLE_DEBUG_INFO = NO;
				SDKROOT = iphoneos;
				TARGETED_DEVICE_FAMILY = "1,2";
				VALIDATE_PRODUCT = YES;
			};
			name = Release;
		};
		963F12C31B414DEE00BD7BE9 /* Debug */ = {
			isa = XCBuildConfiguration;
			buildSettings = {
				ASSETCATALOG_COMPILER_APPICON_NAME = AppIcon;
				INFOPLIST_FILE = Happiness/Info.plist;
				LD_RUNPATH_SEARCH_PATHS = "$(inherited) @executable_path/Frameworks";
				PRODUCT_NAME = "$(TARGET_NAME)";
			};
			name = Debug;
		};
		963F12C41B414DEE00BD7BE9 /* Release */ = {
			isa = XCBuildConfiguration;
			buildSettings = {
				ASSETCATALOG_COMPILER_APPICON_NAME = AppIcon;
				INFOPLIST_FILE = Happiness/Info.plist;
				LD_RUNPATH_SEARCH_PATHS = "$(inherited) @executable_path/Frameworks";
				PRODUCT_NAME = "$(TARGET_NAME)";
			};
			name = Release;
		};
		963F12C61B414DEE00BD7BE9 /* Debug */ = {
			isa = XCBuildConfiguration;
			buildSettings = {
				BUNDLE_LOADER = "$(TEST_HOST)";
				FRAMEWORK_SEARCH_PATHS = (
					"$(SDKROOT)/Developer/Library/Frameworks",
					"$(inherited)",
				);
				GCC_PREPROCESSOR_DEFINITIONS = (
					"DEBUG=1",
					"$(inherited)",
				);
				INFOPLIST_FILE = HappinessTests/Info.plist;
				LD_RUNPATH_SEARCH_PATHS = "$(inherited) @executable_path/Frameworks @loader_path/Frameworks";
				PRODUCT_NAME = "$(TARGET_NAME)";
				TEST_HOST = "$(BUILT_PRODUCTS_DIR)/Happiness.app/Happiness";
			};
			name = Debug;
		};
		963F12C71B414DEE00BD7BE9 /* Release */ = {
			isa = XCBuildConfiguration;
			buildSettings = {
				BUNDLE_LOADER = "$(TEST_HOST)";
				FRAMEWORK_SEARCH_PATHS = (
					"$(SDKROOT)/Developer/Library/Frameworks",
					"$(inherited)",
				);
				INFOPLIST_FILE = HappinessTests/Info.plist;
				LD_RUNPATH_SEARCH_PATHS = "$(inherited) @executable_path/Frameworks @loader_path/Frameworks";
				PRODUCT_NAME = "$(TARGET_NAME)";
				TEST_HOST = "$(BUILT_PRODUCTS_DIR)/Happiness.app/Happiness";
			};
			name = Release;
		};
/* End XCBuildConfiguration section */

/* Begin XCConfigurationList section */
		963F129E1B414DEE00BD7BE9 /* Build configuration list for PBXProject "Happiness" */ = {
			isa = XCConfigurationList;
			buildConfigurations = (
				963F12C01B414DEE00BD7BE9 /* Debug */,
				963F12C11B414DEE00BD7BE9 /* Release */,
			);
			defaultConfigurationIsVisible = 0;
			defaultConfigurationName = Release;
		};
		963F12C21B414DEE00BD7BE9 /* Build configuration list for PBXNativeTarget "Happiness" */ = {
			isa = XCConfigurationList;
			buildConfigurations = (
				963F12C31B414DEE00BD7BE9 /* Debug */,
				963F12C41B414DEE00BD7BE9 /* Release */,
			);
			defaultConfigurationIsVisible = 0;
		};
		963F12C51B414DEE00BD7BE9 /* Build configuration list for PBXNativeTarget "HappinessTests" */ = {
			isa = XCConfigurationList;
			buildConfigurations = (
				963F12C61B414DEE00BD7BE9 /* Debug */,
				963F12C71B414DEE00BD7BE9 /* Release */,
			);
			defaultConfigurationIsVisible = 0;
		};
/* End XCConfigurationList section */
	};
	rootObject = 963F129B1B414DEE00BD7BE9 /* Project object */;
}
